// !$*UTF8*$!
{
	archiveVersion = 1;
	classes = {
	};
	objectVersion = 56;
	objects = {

/* Begin PBXBuildFile section */
		E704592429D5F50E00F64483 /* TestesIgorApp.swift in Sources */ = {isa = PBXBuildFile; fileRef = E704592329D5F50E00F64483 /* TestesIgorApp.swift */; };
		E704592629D5F50E00F64483 /* ContentView.swift in Sources */ = {isa = PBXBuildFile; fileRef = E704592529D5F50E00F64483 /* ContentView.swift */; };
		E704592829D5F50F00F64483 /* Assets.xcassets in Resources */ = {isa = PBXBuildFile; fileRef = E704592729D5F50F00F64483 /* Assets.xcassets */; };
		E704592B29D5F50F00F64483 /* Preview Assets.xcassets in Resources */ = {isa = PBXBuildFile; fileRef = E704592A29D5F50F00F64483 /* Preview Assets.xcassets */; };
		E704593229D5F5B700F64483 /* ex2.swift in Sources */ = {isa = PBXBuildFile; fileRef = E704593129D5F5B700F64483 /* ex2.swift */; };
		E704593429D5F88900F64483 /* exemplo3.swift in Sources */ = {isa = PBXBuildFile; fileRef = E704593329D5F88900F64483 /* exemplo3.swift */; };
		E704593629D5FA4C00F64483 /* lampada.swift in Sources */ = {isa = PBXBuildFile; fileRef = E704593529D5FA4C00F64483 /* lampada.swift */; };
/* End PBXBuildFile section */

/* Begin PBXFileReference section */
		E704592029D5F50E00F64483 /* TestesIgor.app */ = {isa = PBXFileReference; explicitFileType = wrapper.application; includeInIndex = 0; path = TestesIgor.app; sourceTree = BUILT_PRODUCTS_DIR; };
		E704592329D5F50E00F64483 /* TestesIgorApp.swift */ = {isa = PBXFileReference; lastKnownFileType = sourcecode.swift; path = TestesIgorApp.swift; sourceTree = "<group>"; };
		E704592529D5F50E00F64483 /* ContentView.swift */ = {isa = PBXFileReference; lastKnownFileType = sourcecode.swift; path = ContentView.swift; sourceTree = "<group>"; };
		E704592729D5F50F00F64483 /* Assets.xcassets */ = {isa = PBXFileReference; lastKnownFileType = folder.assetcatalog; path = Assets.xcassets; sourceTree = "<group>"; };
		E704592A29D5F50F00F64483 /* Preview Assets.xcassets */ = {isa = PBXFileReference; lastKnownFileType = folder.assetcatalog; path = "Preview Assets.xcassets"; sourceTree = "<group>"; };
		E704593129D5F5B700F64483 /* ex2.swift */ = {isa = PBXFileReference; lastKnownFileType = sourcecode.swift; path = ex2.swift; sourceTree = "<group>"; };
		E704593329D5F88900F64483 /* exemplo3.swift */ = {isa = PBXFileReference; lastKnownFileType = sourcecode.swift; path = exemplo3.swift; sourceTree = "<group>"; };
		E704593529D5FA4C00F64483 /* lampada.swift */ = {isa = PBXFileReference; lastKnownFileType = sourcecode.swift; path = lampada.swift; sourceTree = "<group>"; };
/* End PBXFileReference section */

/* Begin PBXFrameworksBuildPhase section */
		E704591D29D5F50E00F64483 /* Frameworks */ = {
			isa = PBXFrameworksBuildPhase;
			buildActionMask = 2147483647;
			files = (
			);
			runOnlyForDeploymentPostprocessing = 0;
		};
/* End PBXFrameworksBuildPhase section */

/* Begin PBXGroup section */
		E704591729D5F50E00F64483 = {
			isa = PBXGroup;
			children = (
				E704592229D5F50E00F64483 /* TestesIgor */,
				E704592129D5F50E00F64483 /* Products */,
			);
			sourceTree = "<group>";
		};
		E704592129D5F50E00F64483 /* Products */ = {
			isa = PBXGroup;
			children = (
				E704592029D5F50E00F64483 /* TestesIgor.app */,
			);
			name = Products;
			sourceTree = "<group>";
		};
		E704592229D5F50E00F64483 /* TestesIgor */ = {
			isa = PBXGroup;
			children = (
				E704592329D5F50E00F64483 /* TestesIgorApp.swift */,
				E704592529D5F50E00F64483 /* ContentView.swift */,
				E704593129D5F5B700F64483 /* ex2.swift */,
				E704593329D5F88900F64483 /* exemplo3.swift */,
				E704593529D5FA4C00F64483 /* lampada.swift */,
				E704592729D5F50F00F64483 /* Assets.xcassets */,
				E704592929D5F50F00F64483 /* Preview Content */,
			);
			path = TestesIgor;
			sourceTree = "<group>";
		};
		E704592929D5F50F00F64483 /* Preview Content */ = {
			isa = PBXGroup;
			children = (
				E704592A29D5F50F00F64483 /* Preview Assets.xcassets */,
			);
			path = "Preview Content";
			sourceTree = "<group>";
		};
/* End PBXGroup section */

/* Begin PBXNativeTarget section */
		E704591F29D5F50E00F64483 /* TestesIgor */ = {
			isa = PBXNativeTarget;
			buildConfigurationList = E704592E29D5F50F00F64483 /* Build configuration list for PBXNativeTarget "TestesIgor" */;
			buildPhases = (
				E704591C29D5F50E00F64483 /* Sources */,
				E704591D29D5F50E00F64483 /* Frameworks */,
				E704591E29D5F50E00F64483 /* Resources */,
			);
			buildRules = (
			);
			dependencies = (
			);
			name = TestesIgor;
			productName = TestesIgor;
			productReference = E704592029D5F50E00F64483 /* TestesIgor.app */;
			productType = "com.apple.product-type.application";
		};
/* End PBXNativeTarget section */

/* Begin PBXProject section */
		E704591829D5F50E00F64483 /* Project object */ = {
			isa = PBXProject;
			attributes = {
				BuildIndependentTargetsInParallel = 1;
				LastSwiftUpdateCheck = 1420;
				LastUpgradeCheck = 1420;
				TargetAttributes = {
					E704591F29D5F50E00F64483 = {
						CreatedOnToolsVersion = 14.2;
					};
				};
			};
			buildConfigurationList = E704591B29D5F50E00F64483 /* Build configuration list for PBXProject "TestesIgor" */;
			compatibilityVersion = "Xcode 14.0";
			developmentRegion = en;
			hasScannedForEncodings = 0;
			knownRegions = (
				en,
				Base,
			);
			mainGroup = E704591729D5F50E00F64483;
			productRefGroup = E704592129D5F50E00F64483 /* Products */;
			projectDirPath = "";
			projectRoot = "";
			targets = (
				E704591F29D5F50E00F64483 /* TestesIgor */,
			);
		};
/* End PBXProject section */

/* Begin PBXResourcesBuildPhase section */
		E704591E29D5F50E00F64483 /* Resources */ = {
			isa = PBXResourcesBuildPhase;
			buildActionMask = 2147483647;
			files = (
				E704592B29D5F50F00F64483 /* Preview Assets.xcassets in Resources */,
				E704592829D5F50F00F64483 /* Assets.xcassets in Resources */,
			);
			runOnlyForDeploymentPostprocessing = 0;
		};
/* End PBXResourcesBuildPhase section */

/* Begin PBXSourcesBuildPhase section */
		E704591C29D5F50E00F64483 /* Sources */ = {
			isa = PBXSourcesBuildPhase;
			buildActionMask = 2147483647;
			files = (
				E704592629D5F50E00F64483 /* ContentView.swift in Sources */,
				E704593229D5F5B700F64483 /* ex2.swift in Sources */,
				E704593429D5F88900F64483 /* exemplo3.swift in Sources */,
				E704592429D5F50E00F64483 /* TestesIgorApp.swift in Sources */,
				E704593629D5FA4C00F64483 /* lampada.swift in Sources */,
			);
			runOnlyForDeploymentPostprocessing = 0;
		};
/* End PBXSourcesBuildPhase section */

/* Begin XCBuildConfiguration section */
		E704592C29D5F50F00F64483 /* Debug */ = {
			isa = XCBuildConfiguration;
			buildSettings = {
				ALWAYS_SEARCH_USER_PATHS = NO;
				CLANG_ANALYZER_NONNULL = YES;
				CLANG_ANALYZER_NUMBER_OBJECT_CONVERSION = YES_AGGRESSIVE;
				CLANG_CXX_LANGUAGE_STANDARD = "gnu++20";
				CLANG_ENABLE_MODULES = YES;
				CLANG_ENABLE_OBJC_ARC = YES;
				CLANG_ENABLE_OBJC_WEAK = YES;
				CLANG_WARN_BLOCK_CAPTURE_AUTORELEASING = YES;
				CLANG_WARN_BOOL_CONVERSION = YES;
				CLANG_WARN_COMMA = YES;
				CLANG_WARN_CONSTANT_CONVERSION = YES;
				CLANG_WARN_DEPRECATED_OBJC_IMPLEMENTATIONS = YES;
				CLANG_WARN_DIRECT_OBJC_ISA_USAGE = YES_ERROR;
				CLANG_WARN_DOCUMENTATION_COMMENTS = YES;
				CLANG_WARN_EMPTY_BODY = YES;
				CLANG_WARN_ENUM_CONVERSION = YES;
				CLANG_WARN_INFINITE_RECURSION = YES;
				CLANG_WARN_INT_CONVERSION = YES;
				CLANG_WARN_NON_LITERAL_NULL_CONVERSION = YES;
				CLANG_WARN_OBJC_IMPLICIT_RETAIN_SELF = YES;
				CLANG_WARN_OBJC_LITERAL_CONVERSION = YES;
				CLANG_WARN_OBJC_ROOT_CLASS = YES_ERROR;
				CLANG_WARN_QUOTED_INCLUDE_IN_FRAMEWORK_HEADER = YES;
				CLANG_WARN_RANGE_LOOP_ANALYSIS = YES;
				CLANG_WARN_STRICT_PROTOTYPES = YES;
				CLANG_WARN_SUSPICIOUS_MOVE = YES;
				CLANG_WARN_UNGUARDED_AVAILABILITY = YES_AGGRESSIVE;
				CLANG_WARN_UNREACHABLE_CODE = YES;
				CLANG_WARN__DUPLICATE_METHOD_MATCH = YES;
				COPY_PHASE_STRIP = NO;
				DEBUG_INFORMATION_FORMAT = dwarf;
				ENABLE_STRICT_OBJC_MSGSEND = YES;
				ENABLE_TESTABILITY = YES;
				GCC_C_LANGUAGE_STANDARD = gnu11;
				GCC_DYNAMIC_NO_PIC = NO;
				GCC_NO_COMMON_BLOCKS = YES;
				GCC_OPTIMIZATION_LEVEL = 0;
				GCC_PREPROCESSOR_DEFINITIONS = (
					"DEBUG=1",
					"$(inherited)",
				);
				GCC_WARN_64_TO_32_BIT_CONVERSION = YES;
				GCC_WARN_ABOUT_RETURN_TYPE = YES_ERROR;
				GCC_WARN_UNDECLARED_SELECTOR = YES;
				GCC_WARN_UNINITIALIZED_AUTOS = YES_AGGRESSIVE;
				GCC_WARN_UNUSED_FUNCTION = YES;
				GCC_WARN_UNUSED_VARIABLE = YES;
				IPHONEOS_DEPLOYMENT_TARGET = 16.2;
				MTL_ENABLE_DEBUG_INFO = INCLUDE_SOURCE;
				MTL_FAST_MATH = YES;
				ONLY_ACTIVE_ARCH = YES;
				SDKROOT = iphoneos;
				SWIFT_ACTIVE_COMPILATION_CONDITIONS = DEBUG;
				SWIFT_OPTIMIZATION_LEVEL = "-Onone";
			};
			name = Debug;
		};
		E704592D29D5F50F00F64483 /* Release */ = {
			isa = XCBuildConfiguration;
			buildSettings = {
				ALWAYS_SEARCH_USER_PATHS = NO;
				CLANG_ANALYZER_NONNULL = YES;
				CLANG_ANALYZER_NUMBER_OBJECT_CONVERSION = YES_AGGRESSIVE;
				CLANG_CXX_LANGUAGE_STANDARD = "gnu++20";
				CLANG_ENABLE_MODULES = YES;
				CLANG_ENABLE_OBJC_ARC = YES;
				CLANG_ENABLE_OBJC_WEAK = YES;
				CLANG_WARN_BLOCK_CAPTURE_AUTORELEASING = YES;
				CLANG_WARN_BOOL_CONVERSION = YES;
				CLANG_WARN_COMMA = YES;
				CLANG_WARN_CONSTANT_CONVERSION = YES;
				CLANG_WARN_DEPRECATED_OBJC_IMPLEMENTATIONS = YES;
				CLANG_WARN_DIRECT_OBJC_ISA_USAGE = YES_ERROR;
				CLANG_WARN_DOCUMENTATION_COMMENTS = YES;
				CLANG_WARN_EMPTY_BODY = YES;
				CLANG_WARN_ENUM_CONVERSION = YES;
				CLANG_WARN_INFINITE_RECURSION = YES;
				CLANG_WARN_INT_CONVERSION = YES;
				CLANG_WARN_NON_LITERAL_NULL_CONVERSION = YES;
				CLANG_WARN_OBJC_IMPLICIT_RETAIN_SELF = YES;
				CLANG_WARN_OBJC_LITERAL_CONVERSION = YES;
				CLANG_WARN_OBJC_ROOT_CLASS = YES_ERROR;
				CLANG_WARN_QUOTED_INCLUDE_IN_FRAMEWORK_HEADER = YES;
				CLANG_WARN_RANGE_LOOP_ANALYSIS = YES;
				CLANG_WARN_STRICT_PROTOTYPES = YES;
				CLANG_WARN_SUSPICIOUS_MOVE = YES;
				CLANG_WARN_UNGUARDED_AVAILABILITY = YES_AGGRESSIVE;
				CLANG_WARN_UNREACHABLE_CODE = YES;
				CLANG_WARN__DUPLICATE_METHOD_MATCH = YES;
				COPY_PHASE_STRIP = NO;
				DEBUG_INFORMATION_FORMAT = "dwarf-with-dsym";
				ENABLE_NS_ASSERTIONS = NO;
				ENABLE_STRICT_OBJC_MSGSEND = YES;
				GCC_C_LANGUAGE_STANDARD = gnu11;
				GCC_NO_COMMON_BLOCKS = YES;
				GCC_WARN_64_TO_32_BIT_CONVERSION = YES;
				GCC_WARN_ABOUT_RETURN_TYPE = YES_ERROR;
				GCC_WARN_UNDECLARED_SELECTOR = YES;
				GCC_WARN_UNINITIALIZED_AUTOS = YES_AGGRESSIVE;
				GCC_WARN_UNUSED_FUNCTION = YES;
				GCC_WARN_UNUSED_VARIABLE = YES;
				IPHONEOS_DEPLOYMENT_TARGET = 16.2;
				MTL_ENABLE_DEBUG_INFO = NO;
				MTL_FAST_MATH = YES;
				SDKROOT = iphoneos;
				SWIFT_COMPILATION_MODE = wholemodule;
				SWIFT_OPTIMIZATION_LEVEL = "-O";
				VALIDATE_PRODUCT = YES;
			};
			name = Release;
		};
		E704592F29D5F50F00F64483 /* Debug */ = {
			isa = XCBuildConfiguration;
			buildSettings = {
				ASSETCATALOG_COMPILER_APPICON_NAME = AppIcon;
				ASSETCATALOG_COMPILER_GLOBAL_ACCENT_COLOR_NAME = AccentColor;
				CODE_SIGN_STYLE = Automatic;
				CURRENT_PROJECT_VERSION = 1;
				DEVELOPMENT_ASSET_PATHS = "\"TestesIgor/Preview Content\"";
				DEVELOPMENT_TEAM = 53Z75DPZJP;
				ENABLE_PREVIEWS = YES;
				GENERATE_INFOPLIST_FILE = YES;
				INFOPLIST_KEY_UIApplicationSceneManifest_Generation = YES;
				INFOPLIST_KEY_UIApplicationSupportsIndirectInputEvents = YES;
				INFOPLIST_KEY_UILaunchScreen_Generation = YES;
				INFOPLIST_KEY_UISupportedInterfaceOrientations_iPad = "UIInterfaceOrientationPortrait UIInterfaceOrientationPortraitUpsideDown UIInterfaceOrientationLandscapeLeft UIInterfaceOrientationLandscapeRight";
				INFOPLIST_KEY_UISupportedInterfaceOrientations_iPhone = "UIInterfaceOrientationPortrait UIInterfaceOrientationLandscapeLeft UIInterfaceOrientationLandscapeRight";
				LD_RUNPATH_SEARCH_PATHS = (
					"$(inherited)",
					"@executable_path/Frameworks",
				);
				MARKETING_VERSION = 1.0;
				PRODUCT_BUNDLE_IDENTIFIER = alslemos.TestesIgor;
				PRODUCT_NAME = "$(TARGET_NAME)";
				SWIFT_EMIT_LOC_STRINGS = YES;
				SWIFT_VERSION = 5.0;
				TARGETED_DEVICE_FAMILY = "1,2";
			};
			name = Debug;
		};
		E704593029D5F50F00F64483 /* Release */ = {
			isa = XCBuildConfiguration;
			buildSettings = {
				ASSETCATALOG_COMPILER_APPICON_NAME = AppIcon;
				ASSETCATALOG_COMPILER_GLOBAL_ACCENT_COLOR_NAME = AccentColor;
				CODE_SIGN_STYLE = Automatic;
				CURRENT_PROJECT_VERSION = 1;
				DEVELOPMENT_ASSET_PATHS = "\"TestesIgor/Preview Content\"";
				DEVELOPMENT_TEAM = 53Z75DPZJP;
				ENABLE_PREVIEWS = YES;
				GENERATE_INFOPLIST_FILE = YES;
				INFOPLIST_KEY_UIApplicationSceneManifest_Generation = YES;
				INFOPLIST_KEY_UIApplicationSupportsIndirectInputEvents = YES;
				INFOPLIST_KEY_UILaunchScreen_Generation = YES;
				INFOPLIST_KEY_UISupportedInterfaceOrientations_iPad = "UIInterfaceOrientationPortrait UIInterfaceOrientationPortraitUpsideDown UIInterfaceOrientationLandscapeLeft UIInterfaceOrientationLandscapeRight";
				INFOPLIST_KEY_UISupportedInterfaceOrientations_iPhone = "UIInterfaceOrientationPortrait UIInterfaceOrientationLandscapeLeft UIInterfaceOrientationLandscapeRight";
				LD_RUNPATH_SEARCH_PATHS = (
					"$(inherited)",
					"@executable_path/Frameworks",
				);
				MARKETING_VERSION = 1.0;
				PRODUCT_BUNDLE_IDENTIFIER = alslemos.TestesIgor;
				PRODUCT_NAME = "$(TARGET_NAME)";
				SWIFT_EMIT_LOC_STRINGS = YES;
				SWIFT_VERSION = 5.0;
				TARGETED_DEVICE_FAMILY = "1,2";
			};
			name = Release;
		};
/* End XCBuildConfiguration section */

/* Begin XCConfigurationList section */
		E704591B29D5F50E00F64483 /* Build configuration list for PBXProject "TestesIgor" */ = {
			isa = XCConfigurationList;
			buildConfigurations = (
				E704592C29D5F50F00F64483 /* Debug */,
				E704592D29D5F50F00F64483 /* Release */,
			);
			defaultConfigurationIsVisible = 0;
			defaultConfigurationName = Release;
		};
		E704592E29D5F50F00F64483 /* Build configuration list for PBXNativeTarget "TestesIgor" */ = {
			isa = XCConfigurationList;
			buildConfigurations = (
				E704592F29D5F50F00F64483 /* Debug */,
				E704593029D5F50F00F64483 /* Release */,
			);
			defaultConfigurationIsVisible = 0;
			defaultConfigurationName = Release;
		};
/* End XCConfigurationList section */
	};
	rootObject = E704591829D5F50E00F64483 /* Project object */;
}
